
Microsoft Visual Studio Solution File, Format Version 12.00
# Visual Studio 15
VisualStudioVersion = 15.0.26730.16
MinimumVisualStudioVersion = 10.0.40219.1
Project("{FAE04EC0-301F-11D3-BF4B-00C04F79EFBC}") = "MinistriaEKthimit", "MinistriaEKthimit\MinistriaEKthimit.csproj", "{EB0B79CA-DA2D-4B40-A847-38D8B329AA41}"
EndProject
Project("{2150E333-8FDC-42A3-9474-1A3956D46DE8}") = "core", "core", "{1B96DB9F-4D23-4269-8E1E-09714EB7E0B5}"
EndProject
Project("{FAE04EC0-301F-11D3-BF4B-00C04F79EFBC}") = "MinistriaEKthimit.Services", "MinistriaEKthimit.Services\MinistriaEKthimit.Services.csproj", "{BB31B5D6-3627-4DA5-B2B9-6E9A61DC770C}"
EndProject
Project("{FAE04EC0-301F-11D3-BF4B-00C04F79EFBC}") = "MinistriaEKthimit.Models", "MinistriaEKthimit.Models\MinistriaEKthimit.Models.csproj", "{E0AC4C7B-2BC6-4E6B-ADEE-BF50CF2406CA}"
EndProject
Project("{FAE04EC0-301F-11D3-BF4B-00C04F79EFBC}") = "MinistriaEKthimit.Messaging", "MinistriaEKthimit.Messaging\MinistriaEKthimit.Messaging.csproj", "{8FD2245B-C022-46AC-A9F1-FACE14BEB722}"
EndProject
Project("{FAE04EC0-301F-11D3-BF4B-00C04F79EFBC}") = "FactoryAdapter", "FactoryAdapter\FactoryAdapter\FactoryAdapter.csproj", "{6056BFAD-0E1B-4CDD-96F5-A623628289D9}"
EndProject
Project("{2150E333-8FDC-42A3-9474-1A3956D46DE8}") = "Helpers", "Helpers", "{D118F651-2FD4-41C0-861A-85F9B562C84A}"
EndProject
Global
	GlobalSection(SolutionConfigurationPlatforms) = preSolution
		Debug|Any CPU = Debug|Any CPU
		Release|Any CPU = Release|Any CPU
	EndGlobalSection
	GlobalSection(ProjectConfigurationPlatforms) = postSolution
		{EB0B79CA-DA2D-4B40-A847-38D8B329AA41}.Debug|Any CPU.ActiveCfg = Debug|Any CPU
		{EB0B79CA-DA2D-4B40-A847-38D8B329AA41}.Debug|Any CPU.Build.0 = Debug|Any CPU
		{EB0B79CA-DA2D-4B40-A847-38D8B329AA41}.Release|Any CPU.ActiveCfg = Release|Any CPU
		{EB0B79CA-DA2D-4B40-A847-38D8B329AA41}.Release|Any CPU.Build.0 = Release|Any CPU
		{BB31B5D6-3627-4DA5-B2B9-6E9A61DC770C}.Debug|Any CPU.ActiveCfg = Debug|Any CPU
		{BB31B5D6-3627-4DA5-B2B9-6E9A61DC770C}.Debug|Any CPU.Build.0 = Debug|Any CPU
		{BB31B5D6-3627-4DA5-B2B9-6E9A61DC770C}.Release|Any CPU.ActiveCfg = Release|Any CPU
		{BB31B5D6-3627-4DA5-B2B9-6E9A61DC770C}.Release|Any CPU.Build.0 = Release|Any CPU
		{E0AC4C7B-2BC6-4E6B-ADEE-BF50CF2406CA}.Debug|Any CPU.ActiveCfg = Debug|Any CPU
		{E0AC4C7B-2BC6-4E6B-ADEE-BF50CF2406CA}.Debug|Any CPU.Build.0 = Debug|Any CPU
		{E0AC4C7B-2BC6-4E6B-ADEE-BF50CF2406CA}.Release|Any CPU.ActiveCfg = Release|Any CPU
		{E0AC4C7B-2BC6-4E6B-ADEE-BF50CF2406CA}.Release|Any CPU.Build.0 = Release|Any CPU
		{8FD2245B-C022-46AC-A9F1-FACE14BEB722}.Debug|Any CPU.ActiveCfg = Debug|Any CPU
		{8FD2245B-C022-46AC-A9F1-FACE14BEB722}.Debug|Any CPU.Build.0 = Debug|Any CPU
		{8FD2245B-C022-46AC-A9F1-FACE14BEB722}.Release|Any CPU.ActiveCfg = Release|Any CPU
		{8FD2245B-C022-46AC-A9F1-FACE14BEB722}.Release|Any CPU.Build.0 = Release|Any CPU
		{6056BFAD-0E1B-4CDD-96F5-A623628289D9}.Debug|Any CPU.ActiveCfg = Debug|Any CPU
		{6056BFAD-0E1B-4CDD-96F5-A623628289D9}.Debug|Any CPU.Build.0 = Debug|Any CPU
		{6056BFAD-0E1B-4CDD-96F5-A623628289D9}.Release|Any CPU.ActiveCfg = Release|Any CPU
		{6056BFAD-0E1B-4CDD-96F5-A623628289D9}.Release|Any CPU.Build.0 = Release|Any CPU
	EndGlobalSection
	GlobalSection(SolutionProperties) = preSolution
		HideSolutionNode = FALSE
	EndGlobalSection
	GlobalSection(NestedProjects) = preSolution
		{BB31B5D6-3627-4DA5-B2B9-6E9A61DC770C} = {1B96DB9F-4D23-4269-8E1E-09714EB7E0B5}
		{E0AC4C7B-2BC6-4E6B-ADEE-BF50CF2406CA} = {1B96DB9F-4D23-4269-8E1E-09714EB7E0B5}
		{8FD2245B-C022-46AC-A9F1-FACE14BEB722} = {1B96DB9F-4D23-4269-8E1E-09714EB7E0B5}
		{6056BFAD-0E1B-4CDD-96F5-A623628289D9} = {D118F651-2FD4-41C0-861A-85F9B562C84A}
		{D118F651-2FD4-41C0-861A-85F9B562C84A} = {1B96DB9F-4D23-4269-8E1E-09714EB7E0B5}
	EndGlobalSection
	GlobalSection(ExtensibilityGlobals) = postSolution
		SolutionGuid = {1E55B46A-E8CC-4426-8299-3C4B914DE428}
	EndGlobalSection
EndGlobal
